
Microsoft Visual Studio Solution File, Format Version 12.00
# Visual Studio Version 17
VisualStudioVersion = 17.4.33122.133
MinimumVisualStudioVersion = 10.0.40219.1
Project("{9A19103F-16F7-4668-BE54-9A1E7A4F7556}") = "Day 1", "Day 1\Day 1.csproj", "{375C26ED-FCA3-4F33-8341-3CE425CCBCF9}"
EndProject
Project("{FAE04EC0-301F-11D3-BF4B-00C04F79EFBC}") = "Day 2", "Day 2\Day 2.csproj", "{E0F28D58-B203-4ABF-8CBF-A4E55ADC326B}"
EndProject
Project("{FAE04EC0-301F-11D3-BF4B-00C04F79EFBC}") = "Day 3", "Day 3\Day 3.csproj", "{41EDD02B-D8E0-4CCE-9D13-C2B57E8AD9E3}"
EndProject
Project("{FAE04EC0-301F-11D3-BF4B-00C04F79EFBC}") = "Day 4", "Day 4\Day 4.csproj", "{A37E86DE-C8F5-49FB-90B1-2D729EE70B58}"
EndProject
Project("{FAE04EC0-301F-11D3-BF4B-00C04F79EFBC}") = "Day 5", "Day 5\Day 5.csproj", "{0C95C193-60AA-4989-87C2-4C7451A39612}"
EndProject
Project("{FAE04EC0-301F-11D3-BF4B-00C04F79EFBC}") = "Day 6", "Day 6\Day 6.csproj", "{F5A1F629-D5AE-4D14-AAC6-561F669BEFAC}"
EndProject
Project("{FAE04EC0-301F-11D3-BF4B-00C04F79EFBC}") = "Day 7", "Day 7\Day 7.csproj", "{DAAB5A27-C5C3-46E6-ACBB-95AE362CB8E1}"
EndProject
Global
	GlobalSection(SolutionConfigurationPlatforms) = preSolution
		Debug|Any CPU = Debug|Any CPU
		Release|Any CPU = Release|Any CPU
	EndGlobalSection
	GlobalSection(ProjectConfigurationPlatforms) = postSolution
		{375C26ED-FCA3-4F33-8341-3CE425CCBCF9}.Debug|Any CPU.ActiveCfg = Debug|Any CPU
		{375C26ED-FCA3-4F33-8341-3CE425CCBCF9}.Debug|Any CPU.Build.0 = Debug|Any CPU
		{375C26ED-FCA3-4F33-8341-3CE425CCBCF9}.Release|Any CPU.ActiveCfg = Release|Any CPU
		{375C26ED-FCA3-4F33-8341-3CE425CCBCF9}.Release|Any CPU.Build.0 = Release|Any CPU
		{E0F28D58-B203-4ABF-8CBF-A4E55ADC326B}.Debug|Any CPU.ActiveCfg = Debug|Any CPU
		{E0F28D58-B203-4ABF-8CBF-A4E55ADC326B}.Debug|Any CPU.Build.0 = Debug|Any CPU
		{E0F28D58-B203-4ABF-8CBF-A4E55ADC326B}.Release|Any CPU.ActiveCfg = Release|Any CPU
		{E0F28D58-B203-4ABF-8CBF-A4E55ADC326B}.Release|Any CPU.Build.0 = Release|Any CPU
		{41EDD02B-D8E0-4CCE-9D13-C2B57E8AD9E3}.Debug|Any CPU.ActiveCfg = Debug|Any CPU
		{41EDD02B-D8E0-4CCE-9D13-C2B57E8AD9E3}.Debug|Any CPU.Build.0 = Debug|Any CPU
		{41EDD02B-D8E0-4CCE-9D13-C2B57E8AD9E3}.Release|Any CPU.ActiveCfg = Release|Any CPU
		{41EDD02B-D8E0-4CCE-9D13-C2B57E8AD9E3}.Release|Any CPU.Build.0 = Release|Any CPU
		{A37E86DE-C8F5-49FB-90B1-2D729EE70B58}.Debug|Any CPU.ActiveCfg = Debug|Any CPU
		{A37E86DE-C8F5-49FB-90B1-2D729EE70B58}.Debug|Any CPU.Build.0 = Debug|Any CPU
		{A37E86DE-C8F5-49FB-90B1-2D729EE70B58}.Release|Any CPU.ActiveCfg = Release|Any CPU
		{A37E86DE-C8F5-49FB-90B1-2D729EE70B58}.Release|Any CPU.Build.0 = Release|Any CPU
		{0C95C193-60AA-4989-87C2-4C7451A39612}.Debug|Any CPU.ActiveCfg = Debug|Any CPU
		{0C95C193-60AA-4989-87C2-4C7451A39612}.Debug|Any CPU.Build.0 = Debug|Any CPU
		{0C95C193-60AA-4989-87C2-4C7451A39612}.Release|Any CPU.ActiveCfg = Release|Any CPU
		{0C95C193-60AA-4989-87C2-4C7451A39612}.Release|Any CPU.Build.0 = Release|Any CPU
		{F5A1F629-D5AE-4D14-AAC6-561F669BEFAC}.Debug|Any CPU.ActiveCfg = Debug|Any CPU
		{F5A1F629-D5AE-4D14-AAC6-561F669BEFAC}.Debug|Any CPU.Build.0 = Debug|Any CPU
		{F5A1F629-D5AE-4D14-AAC6-561F669BEFAC}.Release|Any CPU.ActiveCfg = Release|Any CPU
		{F5A1F629-D5AE-4D14-AAC6-561F669BEFAC}.Release|Any CPU.Build.0 = Release|Any CPU
		{DAAB5A27-C5C3-46E6-ACBB-95AE362CB8E1}.Debug|Any CPU.ActiveCfg = Debug|Any CPU
		{DAAB5A27-C5C3-46E6-ACBB-95AE362CB8E1}.Debug|Any CPU.Build.0 = Debug|Any CPU
		{DAAB5A27-C5C3-46E6-ACBB-95AE362CB8E1}.Release|Any CPU.ActiveCfg = Release|Any CPU
		{DAAB5A27-C5C3-46E6-ACBB-95AE362CB8E1}.Release|Any CPU.Build.0 = Release|Any CPU
	EndGlobalSection
	GlobalSection(SolutionProperties) = preSolution
		HideSolutionNode = FALSE
	EndGlobalSection
	GlobalSection(ExtensibilityGlobals) = postSolution
		SolutionGuid = {5A3521A9-933D-4885-B11A-D40C67F280BA}
	EndGlobalSection
EndGlobal
